
Microsoft Visual Studio Solution File, Format Version 12.00
# Visual Studio Version 17
VisualStudioVersion = 17.6.33723.286
MinimumVisualStudioVersion = 10.0.40219.1
Project("{FAE04EC0-301F-11D3-BF4B-00C04F79EFBC}") = "Kursach", "Kursach\Kursach.csproj", "{EC167A06-10A9-4D7C-81EE-8FA0DC8D5CCC}"
EndProject
Global
	GlobalSection(SolutionConfigurationPlatforms) = preSolution
		Debug|Any CPU = Debug|Any CPU
		Release|Any CPU = Release|Any CPU
	EndGlobalSection
	GlobalSection(ProjectConfigurationPlatforms) = postSolution
		{EC167A06-10A9-4D7C-81EE-8FA0DC8D5CCC}.Debug|Any CPU.ActiveCfg = Debug|Any CPU
		{EC167A06-10A9-4D7C-81EE-8FA0DC8D5CCC}.Debug|Any CPU.Build.0 = Debug|Any CPU
		{EC167A06-10A9-4D7C-81EE-8FA0DC8D5CCC}.Release|Any CPU.ActiveCfg = Release|Any CPU
		{EC167A06-10A9-4D7C-81EE-8FA0DC8D5CCC}.Release|Any CPU.Build.0 = Release|Any CPU
	EndGlobalSection
	GlobalSection(SolutionProperties) = preSolution
		HideSolutionNode = FALSE
	EndGlobalSection
	GlobalSection(ExtensibilityGlobals) = postSolution
		SolutionGuid = {0D19AF62-C0B5-4F6F-BFF8-FA3F63D43D2A}
	EndGlobalSection
EndGlobal
